<?xml version="1.0" encoding="UTF-8"?>
<CONFIG>
  <ProjectOptions>
    <Version Value="10"/>
    <General>
      <Flags>
        <SaveClosedFiles Value="False"/>
        <MainUnitHasUsesSectionForAllUnits Value="False"/>
        <MainUnitHasCreateFormStatements Value="False"/>
        <MainUnitHasTitleStatement Value="False"/>
        <AlwaysBuild Value="True"/>
        <SaveJumpHistory Value="False"/>
      </Flags>
      <MainUnit Value="0"/>
      <Title Value="medet"/>
      <UseAppBundle Value="False"/>
      <ResourceType Value="res"/>
    </General>
    <BuildModes Count="1" Active="Debug">
      <Item1 Name="Debug" Default="True"/>
    </BuildModes>
    <PublishOptions>
      <Version Value="2"/>
    </PublishOptions>
    <Units Count="1">
      <Unit0>
        <Filename Value="medet.dpr"/>
        <IsPartOfProject Value="True"/>
        <WindowIndex Value="1"/>
        <CursorPos X="14" Y="53"/>
        <UsageCount Value="200"/>
        <Loaded Value="True"/>
        <DefaultSyntaxHighlighter Value="Delphi"/>
      </Unit0>
    </Units>
  </ProjectOptions>
  <CompilerOptions>
    <Version Value="11"/>
    <Target>
      <Filename Value="medet"/>
    </Target>
    <SearchPaths>
      <IncludeFiles Value="$(ProjOutDir);alib"/>
      <OtherUnitFiles Value="$(ProjOutDir);alib"/>
      <UnitOutputDirectory Value="units"/>
    </SearchPaths>
    <Parsing>
      <SyntaxOptions>
        <SyntaxMode Value="Delphi"/>
      </SyntaxOptions>
    </Parsing>
    <Linking>
      <Options>
        <Win32>
          <GraphicApplication Value="True"/>
        </Win32>
      </Options>
    </Linking>
    <Other>
      <CompilerMessages>
        <IgnoredMessages idx5043="True" idx5024="True" idx4110="True" idx4055="True" idx3043="True"/>
      </CompilerMessages>
      <CustomOptions Value="-dBorland -dVer150 -dDelphi7 -dCompiler6_Up -dPUREPASCAL"/>
    </Other>
  </CompilerOptions>
</CONFIG>
